github.com/demeesterdev/demeester.dev.hugo v0.0.0-20200228084913-58ba314927a5 h1:YHGsBAYgTv2t77HWd6xLVVCTPqWRoF06eAPS8JqTMxk=
github.com/demeesterdev/demeester.dev.hugo v0.0.0-20200228084913-58ba314927a5/go.mod h1:w5b/dXytVOW7D+YHEyJVHIL5o+ooNX1YsOZcPrNRP60=
github.com/jgthms/bulma v0.0.0-20210404063321-6de773dfb560 h1:4nPbZPDktwP6I3Nj4w/ZXNOE+EQRWs57cTyCyxKu36M=
github.com/jgthms/bulma v0.0.0-20210404063321-6de773dfb560/go.mod h1:89FLBKXYFKfOKAoDeUT26V0pHGwzr205cMXAEqtAVOI=
